<?xml version="1.0" encoding="utf-8"?>
<Project ToolsVersion="4.0" xmlns="http://schemas.microsoft.com/developer/msbuild/2003">
  <ItemGroup>
    <Filter Include="Source Files">
      <UniqueIdentifier>{4FC737F1-C7A5-4376-A066-2A32D752A2FF}</UniqueIdentifier>
      <Extensions>cpp;c;cc;cxx;def;odl;idl;hpj;bat;asm;asmx</Extensions>
    </Filter>
    <Filter Include="Header Files">
      <UniqueIdentifier>{93995380-89BD-4b04-88EB-625FBE52EBFB}</UniqueIdentifier>
      <Extensions>h;hh;hpp;hxx;hm;inl;inc;xsd</Extensions>
    </Filter>
    <Filter Include="Resource Files">
      <UniqueIdentifier>{67DA6AB6-F800-4c08-8B7A-83BB121AAD01}</UniqueIdentifier>
      <Extensions>rc;ico;cur;bmp;dlg;rc2;rct;bin;rgs;gif;jpg;jpeg;jpe;resx;tiff;tif;png;wav;mfcribbon-ms</Extensions>
    </Filter>
    <Filter Include="ImGui">
      <UniqueIdentifier>{fc5c6553-6127-4e87-88dc-6fd377e9ef9e}</UniqueIdentifier>
    </Filter>
    <Filter Include="Math">
      <UniqueIdentifier>{91dc1756-2f9c-424b-8d2b-a9354d2a5ab1}</UniqueIdentifier>
    </Filter>
    <Filter Include="gl3w">
      <UniqueIdentifier>{9e810fb0-d33b-4ec4-bcb8-ceaed7bf04e7}</UniqueIdentifier>
    </Filter>
    <Filter Include="Shaders">
      <UniqueIdentifier>{d4612afd-e712-4147-a317-5a010a57a72b}</UniqueIdentifier>
    </Filter>
    <Filter Include="Demo_Shaders">
      <UniqueIdentifier>{bbbb4e69-a4d0-42bc-92ba-7200b14543f1}</UniqueIdentifier>
    </Filter>
    <Filter Include="Demo_Shaders\HDR_Shaders">
      <UniqueIdentifier>{5d380d5f-0683-4b3f-af47-f18c918ad720}</UniqueIdentifier>
    </Filter>
    <Filter Include="Demo_Shaders\CubeMap_Shaders">
      <UniqueIdentifier>{6a45ccf8-8f23-4854-92f4-6e56970a4e3e}</UniqueIdentifier>
    </Filter>
    <Filter Include="Demo_Shaders\ShadowMapping_Shaders">
      <UniqueIdentifier>{bfee764a-99d5-4f20-b129-c1f740889710}</UniqueIdentifier>
    </Filter>
    <Filter Include="Shaders\InstancingDemo">
      <UniqueIdentifier>{54c0ddfc-e77b-463f-acc4-7661a91d970e}</UniqueIdentifier>
    </Filter>
  </ItemGroup>
  <ItemGroup>
    <ClCompile Include="imgui\imgui_draw.cpp">
      <Filter>ImGui</Filter>
    </ClCompile>
    <ClCompile Include="imgui\imgui.cpp">
      <Filter>ImGui</Filter>
    </ClCompile>
    <ClCompile Include="imgui\imgui_demo.cpp">
      <Filter>ImGui</Filter>
    </ClCompile>
    <ClCompile Include="imgui_impl_glfw.cpp">
      <Filter>Source Files</Filter>
    </ClCompile>
    <ClCompile Include="Math\vector2.cpp">
      <Filter>Math</Filter>
    </ClCompile>
    <ClCompile Include="Math\vector3.cpp">
      <Filter>Math</Filter>
    </ClCompile>
    <ClCompile Include="Math\matrix4.cpp">
      <Filter>Math</Filter>
    </ClCompile>
    <ClCompile Include="Math\vector4.cpp">
      <Filter>Math</Filter>
    </ClCompile>
    <ClCompile Include="shader.cpp">
      <Filter>Source Files</Filter>
    </ClCompile>
    <ClCompile Include="mesh.cpp">
      <Filter>Source Files</Filter>
    </ClCompile>
    <ClCompile Include="model.cpp">
      <Filter>Source Files</Filter>
    </ClCompile>
    <ClCompile Include="camera.cpp">
      <Filter>Source Files</Filter>
    </ClCompile>
    <ClCompile Include="CubeMapDemo.cpp">
      <Filter>Source Files</Filter>
    </ClCompile>
    <ClCompile Include="main.cpp">
      <Filter>Source Files</Filter>
    </ClCompile>
    <ClCompile Include="imgui_impl_glfw_gl3.cpp">
      <Filter>Source Files</Filter>
    </ClCompile>
    <ClCompile Include="..\..\..\..\Desktop\imgui-master\imgui-master\examples\libs\gl3w\GL\gl3w.c">
      <Filter>gl3w</Filter>
    </ClCompile>
    <ClCompile Include="ShadowMapping.cpp">
      <Filter>Source Files</Filter>
    </ClCompile>
    <ClCompile Include="HDR_Demo.cpp">
      <Filter>Source Files</Filter>
    </ClCompile>
    <ClCompile Include="StencilReflectionDemo.cpp">
      <Filter>Source Files</Filter>
    </ClCompile>
    <ClCompile Include="InstancingDemo.cpp">
      <Filter>Source Files</Filter>
    </ClCompile>
    <ClCompile Include="DeferredRenderingDemo.cpp">
      <Filter>Source Files</Filter>
    </ClCompile>
    <ClCompile Include="ObjectOutlineDemo.cpp">
      <Filter>Source Files</Filter>
    </ClCompile>
  </ItemGroup>
  <ItemGroup>
    <ClInclude Include="imgui\imgui_internal.h">
      <Filter>ImGui</Filter>
    </ClInclude>
    <ClInclude Include="imgui\stb_rect_pack.h">
      <Filter>ImGui</Filter>
    </ClInclude>
    <ClInclude Include="imgui\stb_textedit.h">
      <Filter>ImGui</Filter>
    </ClInclude>
    <ClInclude Include="imgui\stb_truetype.h">
      <Filter>ImGui</Filter>
    </ClInclude>
    <ClInclude Include="imgui\imconfig.h">
      <Filter>ImGui</Filter>
    </ClInclude>
    <ClInclude Include="imgui\imgui.h">
      <Filter>ImGui</Filter>
    </ClInclude>
    <ClInclude Include="imgui_impl_glfw.h">
      <Filter>Header Files</Filter>
    </ClInclude>
    <ClInclude Include="Math\vector2.h">
      <Filter>Math</Filter>
    </ClInclude>
    <ClInclude Include="Math\vector3.h">
      <Filter>Math</Filter>
    </ClInclude>
    <ClInclude Include="Math\matrix4.h">
      <Filter>Math</Filter>
    </ClInclude>
    <ClInclude Include="Math\vector4.h">
      <Filter>Math</Filter>
    </ClInclude>
    <ClInclude Include="shader.h">
      <Filter>Header Files</Filter>
    </ClInclude>
    <ClInclude Include="model.h">
      <Filter>Header Files</Filter>
    </ClInclude>
    <ClInclude Include="camera.h">
      <Filter>Header Files</Filter>
    </ClInclude>
    <ClInclude Include="CubeMapDemo.h">
      <Filter>Header Files</Filter>
    </ClInclude>
    <ClInclude Include="imgui_impl_glfw_gl3.h">
      <Filter>Header Files</Filter>
    </ClInclude>
    <ClInclude Include="..\..\..\..\Desktop\imgui-master\imgui-master\examples\libs\gl3w\GL\gl3w.h">
      <Filter>gl3w</Filter>
    </ClInclude>
    <ClInclude Include="..\..\..\..\Desktop\imgui-master\imgui-master\examples\libs\gl3w\GL\glcorearb.h">
      <Filter>gl3w</Filter>
    </ClInclude>
    <ClInclude Include="mesh.h">
      <Filter>Header Files</Filter>
    </ClInclude>
    <ClInclude Include="ShadowMapping.h">
      <Filter>Header Files</Filter>
    </ClInclude>
    <ClInclude Include="HDR_Demo.h">
      <Filter>Header Files</Filter>
    </ClInclude>
    <ClInclude Include="StencilReflectionsDemo.h">
      <Filter>Header Files</Filter>
    </ClInclude>
    <ClInclude Include="InstancingDemo.h">
      <Filter>Header Files</Filter>
    </ClInclude>
    <ClInclude Include="DeferredRenderingDemo.h">
      <Filter>Header Files</Filter>
    </ClInclude>
    <ClInclude Include="ObjectOutlineDemo.h">
      <Filter>Header Files</Filter>
    </ClInclude>
  </ItemGroup>
  <ItemGroup>
    <None Include="skybox.vert">
      <Filter>Demo_Shaders\CubeMap_Shaders</Filter>
    </None>
    <None Include="skybox.frag">
      <Filter>Demo_Shaders\CubeMap_Shaders</Filter>
    </None>
    <None Include="model.vert">
      <Filter>Demo_Shaders\CubeMap_Shaders</Filter>
    </None>
    <None Include="model.frag">
      <Filter>Demo_Shaders\CubeMap_Shaders</Filter>
    </None>
    <None Include="debugQuadDepth.vert">
      <Filter>Demo_Shaders\CubeMap_Shaders</Filter>
    </None>
    <None Include="debugQuadDepth.frag">
      <Filter>Demo_Shaders\CubeMap_Shaders</Filter>
    </None>
    <None Include="HDR.vert">
      <Filter>Demo_Shaders\HDR_Shaders</Filter>
    </None>
    <None Include="HDR.frag">
      <Filter>Demo_Shaders\HDR_Shaders</Filter>
    </None>
    <None Include="BlinnPhong.vert">
      <Filter>Demo_Shaders\HDR_Shaders</Filter>
    </None>
    <None Include="BlinnPhong.frag">
      <Filter>Demo_Shaders\HDR_Shaders</Filter>
    </None>
    <None Include="ShadowMappingDepth.vert">
      <Filter>Demo_Shaders\ShadowMapping_Shaders</Filter>
    </None>
    <None Include="ShadowMappingDepth.frag">
      <Filter>Demo_Shaders\ShadowMapping_Shaders</Filter>
    </None>
    <None Include="ShadowMapping.vert">
      <Filter>Demo_Shaders\ShadowMapping_Shaders</Filter>
    </None>
    <None Include="ShadowMapping.frag">
      <Filter>Demo_Shaders\ShadowMapping_Shaders</Filter>
    </None>
    <None Include="Shaders\ShadowMapDemo\debugQuadDepth.vert">
      <Filter>Shaders</Filter>
    </None>
    <None Include="Shaders\ShadowMapDemo\ShadowMapping.frag">
      <Filter>Shaders</Filter>
    </None>
    <None Include="Shaders\ShadowMapDemo\ShadowMapping.vert">
      <Filter>Shaders</Filter>
    </None>
    <None Include="Shaders\ShadowMapDemo\ShadowMappingDepth.frag">
      <Filter>Shaders</Filter>
    </None>
    <None Include="Shaders\ShadowMapDemo\ShadowMappingDepth.vert">
      <Filter>Shaders</Filter>
    </None>
    <None Include="Shaders\ShadowMapDemo\debugQuadDepth.frag">
      <Filter>Shaders</Filter>
    </None>
    <None Include="Shaders\HDR_Demo\BlinnPhong.frag">
      <Filter>Shaders</Filter>
    </None>
    <None Include="Shaders\HDR_Demo\BlinnPhong.vert">
      <Filter>Shaders</Filter>
    </None>
    <None Include="Shaders\HDR_Demo\HDR.frag">
      <Filter>Shaders</Filter>
    </None>
    <None Include="Shaders\HDR_Demo\HDR.vert">
      <Filter>Shaders</Filter>
    </None>
    <None Include="Shaders\CubeMapDemo\model.frag">
      <Filter>Shaders</Filter>
    </None>
    <None Include="Shaders\CubeMapDemo\model.vert">
      <Filter>Shaders</Filter>
    </None>
    <None Include="Shaders\CubeMapDemo\skybox.frag">
      <Filter>Shaders</Filter>
    </None>
    <None Include="Shaders\CubeMapDemo\skybox.vert">
      <Filter>Shaders</Filter>
    </None>
    <None Include="Object.vert" />
    <None Include="Object.frag" />
    <None Include="instance.vert">
      <Filter>Shaders\InstancingDemo</Filter>
    </None>
    <None Include="planet.vert">
      <Filter>Shaders\InstancingDemo</Filter>
    </None>
    <None Include="planet.frag">
      <Filter>Shaders\InstancingDemo</Filter>
    </None>
    <None Include="g_buffer.vert" />
    <None Include="deferred_light_box.frag" />
    <None Include="deferred_light_box.vert" />
    <None Include="deferred_shading.frag" />
    <None Include="deferred_shading.vert" />
    <None Include="g_buffer.frag" />
  </ItemGroup>
</Project>