<?xml version="1.0" encoding="utf-8"?>
<Project ToolsVersion="4.0" xmlns="http://schemas.microsoft.com/developer/msbuild/2003">
  <ItemGroup>
    <Filter Include="Source Files">
      <UniqueIdentifier>{4FC737F1-C7A5-4376-A066-2A32D752A2FF}</UniqueIdentifier>
      <Extensions>cpp;c;cc;cxx;def;odl;idl;hpj;bat;asm;asmx</Extensions>
    </Filter>
    <Filter Include="Header Files">
      <UniqueIdentifier>{93995380-89BD-4b04-88EB-625FBE52EBFB}</UniqueIdentifier>
      <Extensions>h;hh;hpp;hxx;hm;inl;inc;xsd</Extensions>
    </Filter>
    <Filter Include="ImGui">
      <UniqueIdentifier>{fc5c6553-6127-4e87-88dc-6fd377e9ef9e}</UniqueIdentifier>
    </Filter>
    <Filter Include="Math">
      <UniqueIdentifier>{91dc1756-2f9c-424b-8d2b-a9354d2a5ab1}</UniqueIdentifier>
    </Filter>
    <Filter Include="gl3w">
      <UniqueIdentifier>{9e810fb0-d33b-4ec4-bcb8-ceaed7bf04e7}</UniqueIdentifier>
    </Filter>
    <Filter Include="Shaders">
      <UniqueIdentifier>{62a46686-55b4-4157-acd0-ed459c6f1f7d}</UniqueIdentifier>
    </Filter>
    <Filter Include="Shaders\CubeMapDemo">
      <UniqueIdentifier>{62a6144c-1817-4422-a518-fabea7b91d99}</UniqueIdentifier>
    </Filter>
    <Filter Include="Shaders\DeferredRendering">
      <UniqueIdentifier>{e9f0f202-5437-4b0a-89d6-90a897baeebf}</UniqueIdentifier>
    </Filter>
    <Filter Include="Shaders\HDR_Demo">
      <UniqueIdentifier>{9dbcf59c-edad-4947-938b-f9985e70cee9}</UniqueIdentifier>
    </Filter>
    <Filter Include="Shaders\InstancingDemo">
      <UniqueIdentifier>{78842321-3cd7-45bb-b562-cd88967e3648}</UniqueIdentifier>
    </Filter>
    <Filter Include="Shaders\ModelLoadingDemo">
      <UniqueIdentifier>{d4f6c61e-e898-46a2-bb24-0151fda834fb}</UniqueIdentifier>
    </Filter>
    <Filter Include="Shaders\ObjectOutlineDemo">
      <UniqueIdentifier>{95a62ca1-8147-44bb-b582-698d1df558a9}</UniqueIdentifier>
    </Filter>
    <Filter Include="Shaders\OmnidirectionalShadowDemo">
      <UniqueIdentifier>{f3200283-9f4f-4235-b038-8719d9fb990c}</UniqueIdentifier>
    </Filter>
    <Filter Include="Shaders\ParallaxingMappingDemo">
      <UniqueIdentifier>{cc52b13e-8b5b-46cf-b410-03daa8330f24}</UniqueIdentifier>
    </Filter>
    <Filter Include="Shaders\ShadowMapDemo">
      <UniqueIdentifier>{40bd7793-1b83-4dce-ba63-837dbbba3be0}</UniqueIdentifier>
    </Filter>
    <Filter Include="Shaders\SSAO_Demo">
      <UniqueIdentifier>{e4d6d7e1-672e-4b14-810c-57b0c83ff520}</UniqueIdentifier>
    </Filter>
    <Filter Include="Shaders\StencilReflectionDemo">
      <UniqueIdentifier>{46ece838-f48f-4f73-8f0f-b1e0cb7d4e9f}</UniqueIdentifier>
    </Filter>
  </ItemGroup>
  <ItemGroup>
    <ClCompile Include="imgui\imgui_draw.cpp">
      <Filter>ImGui</Filter>
    </ClCompile>
    <ClCompile Include="imgui\imgui.cpp">
      <Filter>ImGui</Filter>
    </ClCompile>
    <ClCompile Include="imgui\imgui_demo.cpp">
      <Filter>ImGui</Filter>
    </ClCompile>
    <ClCompile Include="imgui_impl_glfw.cpp">
      <Filter>Source Files</Filter>
    </ClCompile>
    <ClCompile Include="Math\vector2.cpp">
      <Filter>Math</Filter>
    </ClCompile>
    <ClCompile Include="Math\vector3.cpp">
      <Filter>Math</Filter>
    </ClCompile>
    <ClCompile Include="Math\matrix4.cpp">
      <Filter>Math</Filter>
    </ClCompile>
    <ClCompile Include="Math\vector4.cpp">
      <Filter>Math</Filter>
    </ClCompile>
    <ClCompile Include="shader.cpp">
      <Filter>Source Files</Filter>
    </ClCompile>
    <ClCompile Include="mesh.cpp">
      <Filter>Source Files</Filter>
    </ClCompile>
    <ClCompile Include="model.cpp">
      <Filter>Source Files</Filter>
    </ClCompile>
    <ClCompile Include="camera.cpp">
      <Filter>Source Files</Filter>
    </ClCompile>
    <ClCompile Include="CubeMapDemo.cpp">
      <Filter>Source Files</Filter>
    </ClCompile>
    <ClCompile Include="main.cpp">
      <Filter>Source Files</Filter>
    </ClCompile>
    <ClCompile Include="imgui_impl_glfw_gl3.cpp">
      <Filter>Source Files</Filter>
    </ClCompile>
    <ClCompile Include="..\..\..\..\Desktop\imgui-master\imgui-master\examples\libs\gl3w\GL\gl3w.c">
      <Filter>gl3w</Filter>
    </ClCompile>
    <ClCompile Include="ShadowMapping.cpp">
      <Filter>Source Files</Filter>
    </ClCompile>
    <ClCompile Include="HDR_Demo.cpp">
      <Filter>Source Files</Filter>
    </ClCompile>
    <ClCompile Include="StencilReflectionDemo.cpp">
      <Filter>Source Files</Filter>
    </ClCompile>
    <ClCompile Include="InstancingDemo.cpp">
      <Filter>Source Files</Filter>
    </ClCompile>
    <ClCompile Include="DeferredRenderingDemo.cpp">
      <Filter>Source Files</Filter>
    </ClCompile>
    <ClCompile Include="ObjectOutlineDemo.cpp">
      <Filter>Source Files</Filter>
    </ClCompile>
    <ClCompile Include="SSAO_Demo.cpp">
      <Filter>Source Files</Filter>
    </ClCompile>
    <ClCompile Include="ParallaxMappingDemo.cpp">
      <Filter>Source Files</Filter>
    </ClCompile>
    <ClCompile Include="OmnidirectionalShadowDemo.cpp">
      <Filter>Source Files</Filter>
    </ClCompile>
    <ClCompile Include="ModelLoadingDemo.cpp">
      <Filter>Source Files</Filter>
    </ClCompile>
    <ClCompile Include="ResourceManager.cpp">
      <Filter>Source Files</Filter>
    </ClCompile>
    <ClCompile Include="SceneModels.cpp">
      <Filter>Source Files</Filter>
    </ClCompile>
    <ClCompile Include="Math\MathHelper.cpp">
      <Filter>Math</Filter>
    </ClCompile>
  </ItemGroup>
  <ItemGroup>
    <ClInclude Include="imgui\imgui_internal.h">
      <Filter>ImGui</Filter>
    </ClInclude>
    <ClInclude Include="imgui\stb_rect_pack.h">
      <Filter>ImGui</Filter>
    </ClInclude>
    <ClInclude Include="imgui\stb_textedit.h">
      <Filter>ImGui</Filter>
    </ClInclude>
    <ClInclude Include="imgui\stb_truetype.h">
      <Filter>ImGui</Filter>
    </ClInclude>
    <ClInclude Include="imgui\imconfig.h">
      <Filter>ImGui</Filter>
    </ClInclude>
    <ClInclude Include="imgui\imgui.h">
      <Filter>ImGui</Filter>
    </ClInclude>
    <ClInclude Include="imgui_impl_glfw.h">
      <Filter>Header Files</Filter>
    </ClInclude>
    <ClInclude Include="Math\vector2.h">
      <Filter>Math</Filter>
    </ClInclude>
    <ClInclude Include="Math\vector3.h">
      <Filter>Math</Filter>
    </ClInclude>
    <ClInclude Include="Math\matrix4.h">
      <Filter>Math</Filter>
    </ClInclude>
    <ClInclude Include="Math\vector4.h">
      <Filter>Math</Filter>
    </ClInclude>
    <ClInclude Include="shader.h">
      <Filter>Header Files</Filter>
    </ClInclude>
    <ClInclude Include="model.h">
      <Filter>Header Files</Filter>
    </ClInclude>
    <ClInclude Include="camera.h">
      <Filter>Header Files</Filter>
    </ClInclude>
    <ClInclude Include="CubeMapDemo.h">
      <Filter>Header Files</Filter>
    </ClInclude>
    <ClInclude Include="imgui_impl_glfw_gl3.h">
      <Filter>Header Files</Filter>
    </ClInclude>
    <ClInclude Include="..\..\..\..\Desktop\imgui-master\imgui-master\examples\libs\gl3w\GL\gl3w.h">
      <Filter>gl3w</Filter>
    </ClInclude>
    <ClInclude Include="..\..\..\..\Desktop\imgui-master\imgui-master\examples\libs\gl3w\GL\glcorearb.h">
      <Filter>gl3w</Filter>
    </ClInclude>
    <ClInclude Include="mesh.h">
      <Filter>Header Files</Filter>
    </ClInclude>
    <ClInclude Include="ShadowMapping.h">
      <Filter>Header Files</Filter>
    </ClInclude>
    <ClInclude Include="HDR_Demo.h">
      <Filter>Header Files</Filter>
    </ClInclude>
    <ClInclude Include="StencilReflectionsDemo.h">
      <Filter>Header Files</Filter>
    </ClInclude>
    <ClInclude Include="InstancingDemo.h">
      <Filter>Header Files</Filter>
    </ClInclude>
    <ClInclude Include="DeferredRenderingDemo.h">
      <Filter>Header Files</Filter>
    </ClInclude>
    <ClInclude Include="ObjectOutlineDemo.h">
      <Filter>Header Files</Filter>
    </ClInclude>
    <ClInclude Include="SSAO_Demo.h">
      <Filter>Header Files</Filter>
    </ClInclude>
    <ClInclude Include="ParallaxMappingDemo.h">
      <Filter>Header Files</Filter>
    </ClInclude>
    <ClInclude Include="OmnidirectionalShadowDemo.h">
      <Filter>Header Files</Filter>
    </ClInclude>
    <ClInclude Include="ModelLoadingDemo.h">
      <Filter>Header Files</Filter>
    </ClInclude>
    <ClInclude Include="ResourceManager.h">
      <Filter>Header Files</Filter>
    </ClInclude>
    <ClInclude Include="SceneModels.h">
      <Filter>Header Files</Filter>
    </ClInclude>
    <ClInclude Include="Math\MathHelper.h">
      <Filter>Math</Filter>
    </ClInclude>
  </ItemGroup>
  <ItemGroup>
    <None Include="Shaders\light_box.vert">
      <Filter>Shaders</Filter>
    </None>
    <None Include="Shaders\EnviromentObject.vert">
      <Filter>Shaders</Filter>
    </None>
    <None Include="Shaders\light_box.frag">
      <Filter>Shaders</Filter>
    </None>
    <None Include="Shaders\EnviromentObject.frag">
      <Filter>Shaders</Filter>
    </None>
    <None Include="Shaders\CubeMapDemo\model.vert">
      <Filter>Shaders\CubeMapDemo</Filter>
    </None>
    <None Include="Shaders\CubeMapDemo\skybox.frag">
      <Filter>Shaders\CubeMapDemo</Filter>
    </None>
    <None Include="Shaders\CubeMapDemo\skybox.vert">
      <Filter>Shaders\CubeMapDemo</Filter>
    </None>
    <None Include="Shaders\CubeMapDemo\model.frag">
      <Filter>Shaders\CubeMapDemo</Filter>
    </None>
    <None Include="Shaders\DeferredRendering\deferred_shading.frag">
      <Filter>Shaders\DeferredRendering</Filter>
    </None>
    <None Include="Shaders\DeferredRendering\deferred_shading.vert">
      <Filter>Shaders\DeferredRendering</Filter>
    </None>
    <None Include="Shaders\DeferredRendering\g_buffer.frag">
      <Filter>Shaders\DeferredRendering</Filter>
    </None>
    <None Include="Shaders\DeferredRendering\g_buffer.vert">
      <Filter>Shaders\DeferredRendering</Filter>
    </None>
    <None Include="Shaders\HDR_Demo\bloom.vert">
      <Filter>Shaders\HDR_Demo</Filter>
    </None>
    <None Include="Shaders\HDR_Demo\blur.frag">
      <Filter>Shaders\HDR_Demo</Filter>
    </None>
    <None Include="Shaders\HDR_Demo\blur.vert">
      <Filter>Shaders\HDR_Demo</Filter>
    </None>
    <None Include="Shaders\HDR_Demo\HDR.frag">
      <Filter>Shaders\HDR_Demo</Filter>
    </None>
    <None Include="Shaders\HDR_Demo\HDR.vert">
      <Filter>Shaders\HDR_Demo</Filter>
    </None>
    <None Include="Shaders\HDR_Demo\bloom.frag">
      <Filter>Shaders\HDR_Demo</Filter>
    </None>
    <None Include="Shaders\InstancingDemo\grass.frag">
      <Filter>Shaders\InstancingDemo</Filter>
    </None>
    <None Include="Shaders\InstancingDemo\instance.vert">
      <Filter>Shaders\InstancingDemo</Filter>
    </None>
    <None Include="Shaders\ModelLoadingDemo\normal.frag">
      <Filter>Shaders\ModelLoadingDemo</Filter>
    </None>
    <None Include="Shaders\ModelLoadingDemo\normal.gs">
      <Filter>Shaders\ModelLoadingDemo</Filter>
    </None>
    <None Include="Shaders\ModelLoadingDemo\normal.vert">
      <Filter>Shaders\ModelLoadingDemo</Filter>
    </None>
    <None Include="Shaders\ModelLoadingDemo\modelLoading.frag">
      <Filter>Shaders\ModelLoadingDemo</Filter>
    </None>
    <None Include="Shaders\ModelLoadingDemo\modelLoading.vert">
      <Filter>Shaders\ModelLoadingDemo</Filter>
    </None>
    <None Include="Shaders\ObjectOutlineDemo\StencilTesting.frag">
      <Filter>Shaders\ObjectOutlineDemo</Filter>
    </None>
    <None Include="Shaders\ObjectOutlineDemo\StencilTesting.vert">
      <Filter>Shaders\ObjectOutlineDemo</Filter>
    </None>
    <None Include="Shaders\ObjectOutlineDemo\ObjectOutline.frag">
      <Filter>Shaders\ObjectOutlineDemo</Filter>
    </None>
    <None Include="Shaders\OmnidirectionalShadowDemo\point_shadows_depth.frag">
      <Filter>Shaders\OmnidirectionalShadowDemo</Filter>
    </None>
    <None Include="Shaders\OmnidirectionalShadowDemo\point_shadows_depth.gs">
      <Filter>Shaders\OmnidirectionalShadowDemo</Filter>
    </None>
    <None Include="Shaders\OmnidirectionalShadowDemo\point_shadows_depth.vert">
      <Filter>Shaders\OmnidirectionalShadowDemo</Filter>
    </None>
    <None Include="Shaders\OmnidirectionalShadowDemo\point_shadows.frag">
      <Filter>Shaders\OmnidirectionalShadowDemo</Filter>
    </None>
    <None Include="Shaders\OmnidirectionalShadowDemo\point_shadows.vert">
      <Filter>Shaders\OmnidirectionalShadowDemo</Filter>
    </None>
    <None Include="Shaders\ParallaxingMappingDemo\parallax_mapping.vert">
      <Filter>Shaders\ParallaxingMappingDemo</Filter>
    </None>
    <None Include="Shaders\ParallaxingMappingDemo\parallax_mapping.frag">
      <Filter>Shaders\ParallaxingMappingDemo</Filter>
    </None>
    <None Include="Shaders\ShadowMapDemo\debugQuadDepth.frag">
      <Filter>Shaders\ShadowMapDemo</Filter>
    </None>
    <None Include="Shaders\ShadowMapDemo\debugQuadDepth.vert">
      <Filter>Shaders\ShadowMapDemo</Filter>
    </None>
    <None Include="Shaders\ShadowMapDemo\ShadowMapping.frag">
      <Filter>Shaders\ShadowMapDemo</Filter>
    </None>
    <None Include="Shaders\ShadowMapDemo\ShadowMapping.vert">
      <Filter>Shaders\ShadowMapDemo</Filter>
    </None>
    <None Include="Shaders\ShadowMapDemo\ShadowMappingDepth.frag">
      <Filter>Shaders\ShadowMapDemo</Filter>
    </None>
    <None Include="Shaders\ShadowMapDemo\ShadowMappingDepth.vert">
      <Filter>Shaders\ShadowMapDemo</Filter>
    </None>
    <None Include="Shaders\SSAO_Demo\ssao_blur.frag">
      <Filter>Shaders\SSAO_Demo</Filter>
    </None>
    <None Include="Shaders\SSAO_Demo\ssao_geometry.frag">
      <Filter>Shaders\SSAO_Demo</Filter>
    </None>
    <None Include="Shaders\SSAO_Demo\ssao_geometry.vert">
      <Filter>Shaders\SSAO_Demo</Filter>
    </None>
    <None Include="Shaders\SSAO_Demo\ssao_lighting.frag">
      <Filter>Shaders\SSAO_Demo</Filter>
    </None>
    <None Include="Shaders\SSAO_Demo\ssao.frag">
      <Filter>Shaders\SSAO_Demo</Filter>
    </None>
    <None Include="Shaders\SSAO_Demo\ssao.vert">
      <Filter>Shaders\SSAO_Demo</Filter>
    </None>
    <None Include="Shaders\StencilReflectionDemo\lighting.frag">
      <Filter>Shaders\StencilReflectionDemo</Filter>
    </None>
    <None Include="Shaders\StencilReflectionDemo\lighting.vert">
      <Filter>Shaders\StencilReflectionDemo</Filter>
    </None>
    <None Include="debugQuad.frag" />
    <None Include="debugQuad.vert" />
    <None Include="dynamicCubeMap.vert" />
    <None Include="dynamicCubeMap.gs" />
    <None Include="dynamicCubMap.frag" />
    <None Include="Shaders\CubeMapDemo\dynamicCubeMap.vert">
      <Filter>Shaders\CubeMapDemo</Filter>
    </None>
    <None Include="Shaders\CubeMapDemo\dynamicCubeMap.gs">
      <Filter>Shaders\CubeMapDemo</Filter>
    </None>
    <None Include="Shaders\CubeMapDemo\dynamicCubeMap.frag">
      <Filter>Shaders\CubeMapDemo</Filter>
    </None>
  </ItemGroup>
</Project>